
Microsoft Visual Studio Solution File, Format Version 12.00
# Visual Studio Version 16
VisualStudioVersion = 16.0.29306.81
MinimumVisualStudioVersion = 10.0.40219.1
Project("{8BC9CEB8-8B4A-11D0-8D11-00A0C91BC942}") = "Assignment3Compilers", "Assignment3Compilers.vcxproj", "{F520D456-695D-44B4-9CC8-C13432E7A17B}"
EndProject
Global
	GlobalSection(SolutionConfigurationPlatforms) = preSolution
		Debug|x64 = Debug|x64
		Debug|x86 = Debug|x86
		Release|x64 = Release|x64
		Release|x86 = Release|x86
	EndGlobalSection
	GlobalSection(ProjectConfigurationPlatforms) = postSolution
		{F520D456-695D-44B4-9CC8-C13432E7A17B}.Debug|x64.ActiveCfg = Debug|x64
		{F520D456-695D-44B4-9CC8-C13432E7A17B}.Debug|x64.Build.0 = Debug|x64
		{F520D456-695D-44B4-9CC8-C13432E7A17B}.Debug|x86.ActiveCfg = Debug|Win32
		{F520D456-695D-44B4-9CC8-C13432E7A17B}.Debug|x86.Build.0 = Debug|Win32
		{F520D456-695D-44B4-9CC8-C13432E7A17B}.Release|x64.ActiveCfg = Release|x64
		{F520D456-695D-44B4-9CC8-C13432E7A17B}.Release|x64.Build.0 = Release|x64
		{F520D456-695D-44B4-9CC8-C13432E7A17B}.Release|x86.ActiveCfg = Release|Win32
		{F520D456-695D-44B4-9CC8-C13432E7A17B}.Release|x86.Build.0 = Release|Win32
	EndGlobalSection
	GlobalSection(SolutionProperties) = preSolution
		HideSolutionNode = FALSE
	EndGlobalSection
	GlobalSection(ExtensibilityGlobals) = postSolution
		SolutionGuid = {7148D116-7B99-4A0C-832D-520332A8D726}
	EndGlobalSection
EndGlobal
